// !$*UTF8*$!
{
	archiveVersion = 1;
	classes = {
	};
	objectVersion = 50;
	objects = {

/* Begin PBXBuildFile section */
		1850F0EB237D0F9B0003CA74 /* AppDelegate.swift in Sources */ = {isa = PBXBuildFile; fileRef = 1850F0EA237D0F9B0003CA74 /* AppDelegate.swift */; };
		1850F0ED237D0F9B0003CA74 /* SceneDelegate.swift in Sources */ = {isa = PBXBuildFile; fileRef = 1850F0EC237D0F9B0003CA74 /* SceneDelegate.swift */; };
		1850F0EF237D0F9B0003CA74 /* ViewController.swift in Sources */ = {isa = PBXBuildFile; fileRef = 1850F0EE237D0F9B0003CA74 /* ViewController.swift */; };
		1850F0F2237D0F9B0003CA74 /* Main.storyboard in Resources */ = {isa = PBXBuildFile; fileRef = 1850F0F0237D0F9B0003CA74 /* Main.storyboard */; };
		1850F0F4237D0F9E0003CA74 /* Assets.xcassets in Resources */ = {isa = PBXBuildFile; fileRef = 1850F0F3237D0F9E0003CA74 /* Assets.xcassets */; };
		1850F0F7237D0F9E0003CA74 /* LaunchScreen.storyboard in Resources */ = {isa = PBXBuildFile; fileRef = 1850F0F5237D0F9E0003CA74 /* LaunchScreen.storyboard */; };
		1850F0FF237D2B8B0003CA74 /* ItemTableViewCell.swift in Sources */ = {isa = PBXBuildFile; fileRef = 1850F0FE237D2B8B0003CA74 /* ItemTableViewCell.swift */; };
		1850F101237D31630003CA74 /* Item.swift in Sources */ = {isa = PBXBuildFile; fileRef = 1850F100237D31630003CA74 /* Item.swift */; };
/* End PBXBuildFile section */

/* Begin PBXFileReference section */
		1850F0E7237D0F9B0003CA74 /* To Do.app */ = {isa = PBXFileReference; explicitFileType = wrapper.application; includeInIndex = 0; path = "To Do.app"; sourceTree = BUILT_PRODUCTS_DIR; };
		1850F0EA237D0F9B0003CA74 /* AppDelegate.swift */ = {isa = PBXFileReference; lastKnownFileType = sourcecode.swift; path = AppDelegate.swift; sourceTree = "<group>"; };
		1850F0EC237D0F9B0003CA74 /* SceneDelegate.swift */ = {isa = PBXFileReference; lastKnownFileType = sourcecode.swift; path = SceneDelegate.swift; sourceTree = "<group>"; };
		1850F0EE237D0F9B0003CA74 /* ViewController.swift */ = {isa = PBXFileReference; lastKnownFileType = sourcecode.swift; path = ViewController.swift; sourceTree = "<group>"; };
		1850F0F1237D0F9B0003CA74 /* Base */ = {isa = PBXFileReference; lastKnownFileType = file.storyboard; name = Base; path = Base.lproj/Main.storyboard; sourceTree = "<group>"; };
		1850F0F3237D0F9E0003CA74 /* Assets.xcassets */ = {isa = PBXFileReference; lastKnownFileType = folder.assetcatalog; path = Assets.xcassets; sourceTree = "<group>"; };
		1850F0F6237D0F9E0003CA74 /* Base */ = {isa = PBXFileReference; lastKnownFileType = file.storyboard; name = Base; path = Base.lproj/LaunchScreen.storyboard; sourceTree = "<group>"; };
		1850F0F8237D0F9E0003CA74 /* Info.plist */ = {isa = PBXFileReference; lastKnownFileType = text.plist.xml; path = Info.plist; sourceTree = "<group>"; };
		1850F0FE237D2B8B0003CA74 /* ItemTableViewCell.swift */ = {isa = PBXFileReference; lastKnownFileType = sourcecode.swift; path = ItemTableViewCell.swift; sourceTree = "<group>"; };
		1850F100237D31630003CA74 /* Item.swift */ = {isa = PBXFileReference; lastKnownFileType = sourcecode.swift; path = Item.swift; sourceTree = "<group>"; };
/* End PBXFileReference section */

/* Begin PBXFrameworksBuildPhase section */
		1850F0E4237D0F9B0003CA74 /* Frameworks */ = {
			isa = PBXFrameworksBuildPhase;
			buildActionMask = 2147483647;
			files = (
			);
			runOnlyForDeploymentPostprocessing = 0;
		};
/* End PBXFrameworksBuildPhase section */

/* Begin PBXGroup section */
		1850F0DE237D0F9B0003CA74 = {
			isa = PBXGroup;
			children = (
				1850F0E9237D0F9B0003CA74 /* To Do */,
				1850F0E8237D0F9B0003CA74 /* Products */,
			);
			sourceTree = "<group>";
		};
		1850F0E8237D0F9B0003CA74 /* Products */ = {
			isa = PBXGroup;
			children = (
				1850F0E7237D0F9B0003CA74 /* To Do.app */,
			);
			name = Products;
			sourceTree = "<group>";
		};
		1850F0E9237D0F9B0003CA74 /* To Do */ = {
			isa = PBXGroup;
			children = (
				1850F0EA237D0F9B0003CA74 /* AppDelegate.swift */,
				1850F0EC237D0F9B0003CA74 /* SceneDelegate.swift */,
				1850F0EE237D0F9B0003CA74 /* ViewController.swift */,
				1850F0F0237D0F9B0003CA74 /* Main.storyboard */,
				1850F0FE237D2B8B0003CA74 /* ItemTableViewCell.swift */,
				1850F100237D31630003CA74 /* Item.swift */,
				1850F0F3237D0F9E0003CA74 /* Assets.xcassets */,
				1850F0F5237D0F9E0003CA74 /* LaunchScreen.storyboard */,
				1850F0F8237D0F9E0003CA74 /* Info.plist */,
			);
			path = "To Do";
			sourceTree = "<group>";
		};
/* End PBXGroup section */

/* Begin PBXNativeTarget section */
		1850F0E6237D0F9B0003CA74 /* To Do */ = {
			isa = PBXNativeTarget;
			buildConfigurationList = 1850F0FB237D0F9E0003CA74 /* Build configuration list for PBXNativeTarget "To Do" */;
			buildPhases = (
				1850F0E3237D0F9B0003CA74 /* Sources */,
				1850F0E4237D0F9B0003CA74 /* Frameworks */,
				1850F0E5237D0F9B0003CA74 /* Resources */,
			);
			buildRules = (
			);
			dependencies = (
			);
			name = "To Do";
			productName = "To Do";
			productReference = 1850F0E7237D0F9B0003CA74 /* To Do.app */;
			productType = "com.apple.product-type.application";
		};
/* End PBXNativeTarget section */

/* Begin PBXProject section */
		1850F0DF237D0F9B0003CA74 /* Project object */ = {
			isa = PBXProject;
			attributes = {
				LastSwiftUpdateCheck = 1120;
				LastUpgradeCheck = 1120;
				ORGANIZATIONNAME = apple;
				TargetAttributes = {
					1850F0E6237D0F9B0003CA74 = {
						CreatedOnToolsVersion = 11.2.1;
					};
				};
			};
			buildConfigurationList = 1850F0E2237D0F9B0003CA74 /* Build configuration list for PBXProject "To Do" */;
			compatibilityVersion = "Xcode 9.3";
			developmentRegion = en;
			hasScannedForEncodings = 0;
			knownRegions = (
				en,
				Base,
			);
			mainGroup = 1850F0DE237D0F9B0003CA74;
			productRefGroup = 1850F0E8237D0F9B0003CA74 /* Products */;
			projectDirPath = "";
			projectRoot = "";
			targets = (
				1850F0E6237D0F9B0003CA74 /* To Do */,
			);
		};
/* End PBXProject section */

/* Begin PBXResourcesBuildPhase section */
		1850F0E5237D0F9B0003CA74 /* Resources */ = {
			isa = PBXResourcesBuildPhase;
			buildActionMask = 2147483647;
			files = (
				1850F0F7237D0F9E0003CA74 /* LaunchScreen.storyboard in Resources */,
				1850F0F4237D0F9E0003CA74 /* Assets.xcassets in Resources */,
				1850F0F2237D0F9B0003CA74 /* Main.storyboard in Resources */,
			);
			runOnlyForDeploymentPostprocessing = 0;
		};
/* End PBXResourcesBuildPhase section */

/* Begin PBXSourcesBuildPhase section */
		1850F0E3237D0F9B0003CA74 /* Sources */ = {
			isa = PBXSourcesBuildPhase;
			buildActionMask = 2147483647;
			files = (
				1850F101237D31630003CA74 /* Item.swift in Sources */,
				1850F0FF237D2B8B0003CA74 /* ItemTableViewCell.swift in Sources */,
				1850F0EF237D0F9B0003CA74 /* ViewController.swift in Sources */,
				1850F0EB237D0F9B0003CA74 /* AppDelegate.swift in Sources */,
				1850F0ED237D0F9B0003CA74 /* SceneDelegate.swift in Sources */,
			);
			runOnlyForDeploymentPostprocessing = 0;
		};
/* End PBXSourcesBuildPhase section */

/* Begin PBXVariantGroup section */
		1850F0F0237D0F9B0003CA74 /* Main.storyboard */ = {
			isa = PBXVariantGroup;
			children = (
				1850F0F1237D0F9B0003CA74 /* Base */,
			);
			name = Main.storyboard;
			sourceTree = "<group>";
		};
		1850F0F5237D0F9E0003CA74 /* LaunchScreen.storyboard */ = {
			isa = PBXVariantGroup;
			children = (
				1850F0F6237D0F9E0003CA74 /* Base */,
			);
			name = LaunchScreen.storyboard;
			sourceTree = "<group>";
		};
/* End PBXVariantGroup section */

/* Begin XCBuildConfiguration section */
		1850F0F9237D0F9E0003CA74 /* Debug */ = {
			isa = XCBuildConfiguration;
			buildSettings = {
				ALWAYS_SEARCH_USER_PATHS = NO;
				CLANG_ANALYZER_NONNULL = YES;
				CLANG_ANALYZER_NUMBER_OBJECT_CONVERSION = YES_AGGRESSIVE;
				CLANG_CXX_LANGUAGE_STANDARD = "gnu++14";
				CLANG_CXX_LIBRARY = "libc++";
				CLANG_ENABLE_MODULES = YES;
				CLANG_ENABLE_OBJC_ARC = YES;
				CLANG_ENABLE_OBJC_WEAK = YES;
				CLANG_WARN_BLOCK_CAPTURE_AUTORELEASING = YES;
				CLANG_WARN_BOOL_CONVERSION = YES;
				CLANG_WARN_COMMA = YES;
				CLANG_WARN_CONSTANT_CONVERSION = YES;
				CLANG_WARN_DEPRECATED_OBJC_IMPLEMENTATIONS = YES;
				CLANG_WARN_DIRECT_OBJC_ISA_USAGE = YES_ERROR;
				CLANG_WARN_DOCUMENTATION_COMMENTS = YES;
				CLANG_WARN_EMPTY_BODY = YES;
				CLANG_WARN_ENUM_CONVERSION = YES;
				CLANG_WARN_INFINITE_RECURSION = YES;
				CLANG_WARN_INT_CONVERSION = YES;
				CLANG_WARN_NON_LITERAL_NULL_CONVERSION = YES;
				CLANG_WARN_OBJC_IMPLICIT_RETAIN_SELF = YES;
				CLANG_WARN_OBJC_LITERAL_CONVERSION = YES;
				CLANG_WARN_OBJC_ROOT_CLASS = YES_ERROR;
				CLANG_WARN_RANGE_LOOP_ANALYSIS = YES;
				CLANG_WARN_STRICT_PROTOTYPES = YES;
				CLANG_WARN_SUSPICIOUS_MOVE = YES;
				CLANG_WARN_UNGUARDED_AVAILABILITY = YES_AGGRESSIVE;
				CLANG_WARN_UNREACHABLE_CODE = YES;
				CLANG_WARN__DUPLICATE_METHOD_MATCH = YES;
				COPY_PHASE_STRIP = NO;
				DEBUG_INFORMATION_FORMAT = dwarf;
				ENABLE_STRICT_OBJC_MSGSEND = YES;
				ENABLE_TESTABILITY = YES;
				GCC_C_LANGUAGE_STANDARD = gnu11;
				GCC_DYNAMIC_NO_PIC = NO;
				GCC_NO_COMMON_BLOCKS = YES;
				GCC_OPTIMIZATION_LEVEL = 0;
				GCC_PREPROCESSOR_DEFINITIONS = (
					"DEBUG=1",
					"$(inherited)",
				);
				GCC_WARN_64_TO_32_BIT_CONVERSION = YES;
				GCC_WARN_ABOUT_RETURN_TYPE = YES_ERROR;
				GCC_WARN_UNDECLARED_SELECTOR = YES;
				GCC_WARN_UNINITIALIZED_AUTOS = YES_AGGRESSIVE;
				GCC_WARN_UNUSED_FUNCTION = YES;
				GCC_WARN_UNUSED_VARIABLE = YES;
				IPHONEOS_DEPLOYMENT_TARGET = 13.2;
				MTL_ENABLE_DEBUG_INFO = INCLUDE_SOURCE;
				MTL_FAST_MATH = YES;
				ONLY_ACTIVE_ARCH = YES;
				SDKROOT = iphoneos;
				SWIFT_ACTIVE_COMPILATION_CONDITIONS = DEBUG;
				SWIFT_OPTIMIZATION_LEVEL = "-Onone";
			};
			name = Debug;
		};
		1850F0FA237D0F9E0003CA74 /* Release */ = {
			isa = XCBuildConfiguration;
			buildSettings = {
				ALWAYS_SEARCH_USER_PATHS = NO;
				CLANG_ANALYZER_NONNULL = YES;
				CLANG_ANALYZER_NUMBER_OBJECT_CONVERSION = YES_AGGRESSIVE;
				CLANG_CXX_LANGUAGE_STANDARD = "gnu++14";
				CLANG_CXX_LIBRARY = "libc++";
				CLANG_ENABLE_MODULES = YES;
				CLANG_ENABLE_OBJC_ARC = YES;
				CLANG_ENABLE_OBJC_WEAK = YES;
				CLANG_WARN_BLOCK_CAPTURE_AUTORELEASING = YES;
				CLANG_WARN_BOOL_CONVERSION = YES;
				CLANG_WARN_COMMA = YES;
				CLANG_WARN_CONSTANT_CONVERSION = YES;
				CLANG_WARN_DEPRECATED_OBJC_IMPLEMENTATIONS = YES;
				CLANG_WARN_DIRECT_OBJC_ISA_USAGE = YES_ERROR;
				CLANG_WARN_DOCUMENTATION_COMMENTS = YES;
				CLANG_WARN_EMPTY_BODY = YES;
				CLANG_WARN_ENUM_CONVERSION = YES;
				CLANG_WARN_INFINITE_RECURSION = YES;
				CLANG_WARN_INT_CONVERSION = YES;
				CLANG_WARN_NON_LITERAL_NULL_CONVERSION = YES;
				CLANG_WARN_OBJC_IMPLICIT_RETAIN_SELF = YES;
				CLANG_WARN_OBJC_LITERAL_CONVERSION = YES;
				CLANG_WARN_OBJC_ROOT_CLASS = YES_ERROR;
				CLANG_WARN_RANGE_LOOP_ANALYSIS = YES;
				CLANG_WARN_STRICT_PROTOTYPES = YES;
				CLANG_WARN_SUSPICIOUS_MOVE = YES;
				CLANG_WARN_UNGUARDED_AVAILABILITY = YES_AGGRESSIVE;
				CLANG_WARN_UNREACHABLE_CODE = YES;
				CLANG_WARN__DUPLICATE_METHOD_MATCH = YES;
				COPY_PHASE_STRIP = NO;
				DEBUG_INFORMATION_FORMAT = "dwarf-with-dsym";
				ENABLE_NS_ASSERTIONS = NO;
				ENABLE_STRICT_OBJC_MSGSEND = YES;
				GCC_C_LANGUAGE_STANDARD = gnu11;
				GCC_NO_COMMON_BLOCKS = YES;
				GCC_WARN_64_TO_32_BIT_CONVERSION = YES;
				GCC_WARN_ABOUT_RETURN_TYPE = YES_ERROR;
				GCC_WARN_UNDECLARED_SELECTOR = YES;
				GCC_WARN_UNINITIALIZED_AUTOS = YES_AGGRESSIVE;
				GCC_WARN_UNUSED_FUNCTION = YES;
				GCC_WARN_UNUSED_VARIABLE = YES;
				IPHONEOS_DEPLOYMENT_TARGET = 13.2;
				MTL_ENABLE_DEBUG_INFO = NO;
				MTL_FAST_MATH = YES;
				SDKROOT = iphoneos;
				SWIFT_COMPILATION_MODE = wholemodule;
				SWIFT_OPTIMIZATION_LEVEL = "-O";
				VALIDATE_PRODUCT = YES;
			};
			name = Release;
		};
		1850F0FC237D0F9E0003CA74 /* Debug */ = {
			isa = XCBuildConfiguration;
			buildSettings = {
				ASSETCATALOG_COMPILER_APPICON_NAME = AppIcon;
				CODE_SIGN_STYLE = Automatic;
				INFOPLIST_FILE = "To Do/Info.plist";
				LD_RUNPATH_SEARCH_PATHS = (
					"$(inherited)",
					"@executable_path/Frameworks",
				);
				PRODUCT_BUNDLE_IDENTIFIER = "com.example.To-Do";
				PRODUCT_NAME = "$(TARGET_NAME)";
				SWIFT_VERSION = 5.0;
				TARGETED_DEVICE_FAMILY = "1,2";
			};
			name = Debug;
		};
		1850F0FD237D0F9E0003CA74 /* Release */ = {
			isa = XCBuildConfiguration;
			buildSettings = {
				ASSETCATALOG_COMPILER_APPICON_NAME = AppIcon;
				CODE_SIGN_STYLE = Automatic;
				INFOPLIST_FILE = "To Do/Info.plist";
				LD_RUNPATH_SEARCH_PATHS = (
					"$(inherited)",
					"@executable_path/Frameworks",
				);
				PRODUCT_BUNDLE_IDENTIFIER = "com.example.To-Do";
				PRODUCT_NAME = "$(TARGET_NAME)";
				SWIFT_VERSION = 5.0;
				TARGETED_DEVICE_FAMILY = "1,2";
			};
			name = Release;
		};
/* End XCBuildConfiguration section */

/* Begin XCConfigurationList section */
		1850F0E2237D0F9B0003CA74 /* Build configuration list for PBXProject "To Do" */ = {
			isa = XCConfigurationList;
			buildConfigurations = (
				1850F0F9237D0F9E0003CA74 /* Debug */,
				1850F0FA237D0F9E0003CA74 /* Release */,
			);
			defaultConfigurationIsVisible = 0;
			defaultConfigurationName = Release;
		};
		1850F0FB237D0F9E0003CA74 /* Build configuration list for PBXNativeTarget "To Do" */ = {
			isa = XCConfigurationList;
			buildConfigurations = (
				1850F0FC237D0F9E0003CA74 /* Debug */,
				1850F0FD237D0F9E0003CA74 /* Release */,
			);
			defaultConfigurationIsVisible = 0;
			defaultConfigurationName = Release;
		};
/* End XCConfigurationList section */
	};
	rootObject = 1850F0DF237D0F9B0003CA74 /* Project object */;
}
