// !$*UTF8*$!
{
	archiveVersion = 1;
	classes = {
	};
	objectVersion = 50;
	objects = {

/* Begin PBXBuildFile section */
		18322D7F23AB1AEC00E94329 /* AppDelegate.swift in Sources */ = {isa = PBXBuildFile; fileRef = 18322D7E23AB1AEC00E94329 /* AppDelegate.swift */; };
		18322D8123AB1AEC00E94329 /* SceneDelegate.swift in Sources */ = {isa = PBXBuildFile; fileRef = 18322D8023AB1AEC00E94329 /* SceneDelegate.swift */; };
		18322D8323AB1AEC00E94329 /* ViewController.swift in Sources */ = {isa = PBXBuildFile; fileRef = 18322D8223AB1AEC00E94329 /* ViewController.swift */; };
		18322D8623AB1AEC00E94329 /* Main.storyboard in Resources */ = {isa = PBXBuildFile; fileRef = 18322D8423AB1AEC00E94329 /* Main.storyboard */; };
		18322D8823AB1AEC00E94329 /* Assets.xcassets in Resources */ = {isa = PBXBuildFile; fileRef = 18322D8723AB1AEC00E94329 /* Assets.xcassets */; };
		18322D8B23AB1AEC00E94329 /* LaunchScreen.storyboard in Resources */ = {isa = PBXBuildFile; fileRef = 18322D8923AB1AEC00E94329 /* LaunchScreen.storyboard */; };
		18322D9323AB216500E94329 /* PhotoInfo.swift in Sources */ = {isa = PBXBuildFile; fileRef = 18322D9223AB216500E94329 /* PhotoInfo.swift */; };
		18322D9523AB21BE00E94329 /* URL+Helper.swift in Sources */ = {isa = PBXBuildFile; fileRef = 18322D9423AB21BE00E94329 /* URL+Helper.swift */; };
		18322D9723AB21E500E94329 /* PhotoInfoController.swift in Sources */ = {isa = PBXBuildFile; fileRef = 18322D9623AB21E500E94329 /* PhotoInfoController.swift */; };
/* End PBXBuildFile section */

/* Begin PBXFileReference section */
		18322D7B23AB1AEC00E94329 /* SpacePhoto.app */ = {isa = PBXFileReference; explicitFileType = wrapper.application; includeInIndex = 0; path = SpacePhoto.app; sourceTree = BUILT_PRODUCTS_DIR; };
		18322D7E23AB1AEC00E94329 /* AppDelegate.swift */ = {isa = PBXFileReference; lastKnownFileType = sourcecode.swift; path = AppDelegate.swift; sourceTree = "<group>"; };
		18322D8023AB1AEC00E94329 /* SceneDelegate.swift */ = {isa = PBXFileReference; lastKnownFileType = sourcecode.swift; path = SceneDelegate.swift; sourceTree = "<group>"; };
		18322D8223AB1AEC00E94329 /* ViewController.swift */ = {isa = PBXFileReference; lastKnownFileType = sourcecode.swift; path = ViewController.swift; sourceTree = "<group>"; };
		18322D8523AB1AEC00E94329 /* Base */ = {isa = PBXFileReference; lastKnownFileType = file.storyboard; name = Base; path = Base.lproj/Main.storyboard; sourceTree = "<group>"; };
		18322D8723AB1AEC00E94329 /* Assets.xcassets */ = {isa = PBXFileReference; lastKnownFileType = folder.assetcatalog; path = Assets.xcassets; sourceTree = "<group>"; };
		18322D8A23AB1AEC00E94329 /* Base */ = {isa = PBXFileReference; lastKnownFileType = file.storyboard; name = Base; path = Base.lproj/LaunchScreen.storyboard; sourceTree = "<group>"; };
		18322D8C23AB1AEC00E94329 /* Info.plist */ = {isa = PBXFileReference; lastKnownFileType = text.plist.xml; path = Info.plist; sourceTree = "<group>"; };
		18322D9223AB216500E94329 /* PhotoInfo.swift */ = {isa = PBXFileReference; lastKnownFileType = sourcecode.swift; path = PhotoInfo.swift; sourceTree = "<group>"; };
		18322D9423AB21BE00E94329 /* URL+Helper.swift */ = {isa = PBXFileReference; lastKnownFileType = sourcecode.swift; path = "URL+Helper.swift"; sourceTree = "<group>"; };
		18322D9623AB21E500E94329 /* PhotoInfoController.swift */ = {isa = PBXFileReference; lastKnownFileType = sourcecode.swift; path = PhotoInfoController.swift; sourceTree = "<group>"; };
/* End PBXFileReference section */

/* Begin PBXFrameworksBuildPhase section */
		18322D7823AB1AEC00E94329 /* Frameworks */ = {
			isa = PBXFrameworksBuildPhase;
			buildActionMask = 2147483647;
			files = (
			);
			runOnlyForDeploymentPostprocessing = 0;
		};
/* End PBXFrameworksBuildPhase section */

/* Begin PBXGroup section */
		18322D7223AB1AEC00E94329 = {
			isa = PBXGroup;
			children = (
				18322D7D23AB1AEC00E94329 /* SpacePhoto */,
				18322D7C23AB1AEC00E94329 /* Products */,
			);
			sourceTree = "<group>";
		};
		18322D7C23AB1AEC00E94329 /* Products */ = {
			isa = PBXGroup;
			children = (
				18322D7B23AB1AEC00E94329 /* SpacePhoto.app */,
			);
			name = Products;
			sourceTree = "<group>";
		};
		18322D7D23AB1AEC00E94329 /* SpacePhoto */ = {
			isa = PBXGroup;
			children = (
				18322D7E23AB1AEC00E94329 /* AppDelegate.swift */,
				18322D8023AB1AEC00E94329 /* SceneDelegate.swift */,
				18322D8223AB1AEC00E94329 /* ViewController.swift */,
				18322D8423AB1AEC00E94329 /* Main.storyboard */,
				18322D9223AB216500E94329 /* PhotoInfo.swift */,
				18322D9423AB21BE00E94329 /* URL+Helper.swift */,
				18322D9623AB21E500E94329 /* PhotoInfoController.swift */,
				18322D8723AB1AEC00E94329 /* Assets.xcassets */,
				18322D8923AB1AEC00E94329 /* LaunchScreen.storyboard */,
				18322D8C23AB1AEC00E94329 /* Info.plist */,
			);
			path = SpacePhoto;
			sourceTree = "<group>";
		};
/* End PBXGroup section */

/* Begin PBXNativeTarget section */
		18322D7A23AB1AEC00E94329 /* SpacePhoto */ = {
			isa = PBXNativeTarget;
			buildConfigurationList = 18322D8F23AB1AEC00E94329 /* Build configuration list for PBXNativeTarget "SpacePhoto" */;
			buildPhases = (
				18322D7723AB1AEC00E94329 /* Sources */,
				18322D7823AB1AEC00E94329 /* Frameworks */,
				18322D7923AB1AEC00E94329 /* Resources */,
			);
			buildRules = (
			);
			dependencies = (
			);
			name = SpacePhoto;
			productName = SpacePhoto;
			productReference = 18322D7B23AB1AEC00E94329 /* SpacePhoto.app */;
			productType = "com.apple.product-type.application";
		};
/* End PBXNativeTarget section */

/* Begin PBXProject section */
		18322D7323AB1AEC00E94329 /* Project object */ = {
			isa = PBXProject;
			attributes = {
				LastSwiftUpdateCheck = 1130;
				LastUpgradeCheck = 1130;
				ORGANIZATIONNAME = apple;
				TargetAttributes = {
					18322D7A23AB1AEC00E94329 = {
						CreatedOnToolsVersion = 11.3;
					};
				};
			};
			buildConfigurationList = 18322D7623AB1AEC00E94329 /* Build configuration list for PBXProject "SpacePhoto" */;
			compatibilityVersion = "Xcode 9.3";
			developmentRegion = en;
			hasScannedForEncodings = 0;
			knownRegions = (
				en,
				Base,
			);
			mainGroup = 18322D7223AB1AEC00E94329;
			productRefGroup = 18322D7C23AB1AEC00E94329 /* Products */;
			projectDirPath = "";
			projectRoot = "";
			targets = (
				18322D7A23AB1AEC00E94329 /* SpacePhoto */,
			);
		};
/* End PBXProject section */

/* Begin PBXResourcesBuildPhase section */
		18322D7923AB1AEC00E94329 /* Resources */ = {
			isa = PBXResourcesBuildPhase;
			buildActionMask = 2147483647;
			files = (
				18322D8B23AB1AEC00E94329 /* LaunchScreen.storyboard in Resources */,
				18322D8823AB1AEC00E94329 /* Assets.xcassets in Resources */,
				18322D8623AB1AEC00E94329 /* Main.storyboard in Resources */,
			);
			runOnlyForDeploymentPostprocessing = 0;
		};
/* End PBXResourcesBuildPhase section */

/* Begin PBXSourcesBuildPhase section */
		18322D7723AB1AEC00E94329 /* Sources */ = {
			isa = PBXSourcesBuildPhase;
			buildActionMask = 2147483647;
			files = (
				18322D9323AB216500E94329 /* PhotoInfo.swift in Sources */,
				18322D8323AB1AEC00E94329 /* ViewController.swift in Sources */,
				18322D9723AB21E500E94329 /* PhotoInfoController.swift in Sources */,
				18322D7F23AB1AEC00E94329 /* AppDelegate.swift in Sources */,
				18322D9523AB21BE00E94329 /* URL+Helper.swift in Sources */,
				18322D8123AB1AEC00E94329 /* SceneDelegate.swift in Sources */,
			);
			runOnlyForDeploymentPostprocessing = 0;
		};
/* End PBXSourcesBuildPhase section */

/* Begin PBXVariantGroup section */
		18322D8423AB1AEC00E94329 /* Main.storyboard */ = {
			isa = PBXVariantGroup;
			children = (
				18322D8523AB1AEC00E94329 /* Base */,
			);
			name = Main.storyboard;
			sourceTree = "<group>";
		};
		18322D8923AB1AEC00E94329 /* LaunchScreen.storyboard */ = {
			isa = PBXVariantGroup;
			children = (
				18322D8A23AB1AEC00E94329 /* Base */,
			);
			name = LaunchScreen.storyboard;
			sourceTree = "<group>";
		};
/* End PBXVariantGroup section */

/* Begin XCBuildConfiguration section */
		18322D8D23AB1AEC00E94329 /* Debug */ = {
			isa = XCBuildConfiguration;
			buildSettings = {
				ALWAYS_SEARCH_USER_PATHS = NO;
				CLANG_ANALYZER_NONNULL = YES;
				CLANG_ANALYZER_NUMBER_OBJECT_CONVERSION = YES_AGGRESSIVE;
				CLANG_CXX_LANGUAGE_STANDARD = "gnu++14";
				CLANG_CXX_LIBRARY = "libc++";
				CLANG_ENABLE_MODULES = YES;
				CLANG_ENABLE_OBJC_ARC = YES;
				CLANG_ENABLE_OBJC_WEAK = YES;
				CLANG_WARN_BLOCK_CAPTURE_AUTORELEASING = YES;
				CLANG_WARN_BOOL_CONVERSION = YES;
				CLANG_WARN_COMMA = YES;
				CLANG_WARN_CONSTANT_CONVERSION = YES;
				CLANG_WARN_DEPRECATED_OBJC_IMPLEMENTATIONS = YES;
				CLANG_WARN_DIRECT_OBJC_ISA_USAGE = YES_ERROR;
				CLANG_WARN_DOCUMENTATION_COMMENTS = YES;
				CLANG_WARN_EMPTY_BODY = YES;
				CLANG_WARN_ENUM_CONVERSION = YES;
				CLANG_WARN_INFINITE_RECURSION = YES;
				CLANG_WARN_INT_CONVERSION = YES;
				CLANG_WARN_NON_LITERAL_NULL_CONVERSION = YES;
				CLANG_WARN_OBJC_IMPLICIT_RETAIN_SELF = YES;
				CLANG_WARN_OBJC_LITERAL_CONVERSION = YES;
				CLANG_WARN_OBJC_ROOT_CLASS = YES_ERROR;
				CLANG_WARN_RANGE_LOOP_ANALYSIS = YES;
				CLANG_WARN_STRICT_PROTOTYPES = YES;
				CLANG_WARN_SUSPICIOUS_MOVE = YES;
				CLANG_WARN_UNGUARDED_AVAILABILITY = YES_AGGRESSIVE;
				CLANG_WARN_UNREACHABLE_CODE = YES;
				CLANG_WARN__DUPLICATE_METHOD_MATCH = YES;
				COPY_PHASE_STRIP = NO;
				DEBUG_INFORMATION_FORMAT = dwarf;
				ENABLE_STRICT_OBJC_MSGSEND = YES;
				ENABLE_TESTABILITY = YES;
				GCC_C_LANGUAGE_STANDARD = gnu11;
				GCC_DYNAMIC_NO_PIC = NO;
				GCC_NO_COMMON_BLOCKS = YES;
				GCC_OPTIMIZATION_LEVEL = 0;
				GCC_PREPROCESSOR_DEFINITIONS = (
					"DEBUG=1",
					"$(inherited)",
				);
				GCC_WARN_64_TO_32_BIT_CONVERSION = YES;
				GCC_WARN_ABOUT_RETURN_TYPE = YES_ERROR;
				GCC_WARN_UNDECLARED_SELECTOR = YES;
				GCC_WARN_UNINITIALIZED_AUTOS = YES_AGGRESSIVE;
				GCC_WARN_UNUSED_FUNCTION = YES;
				GCC_WARN_UNUSED_VARIABLE = YES;
				IPHONEOS_DEPLOYMENT_TARGET = 13.2;
				MTL_ENABLE_DEBUG_INFO = INCLUDE_SOURCE;
				MTL_FAST_MATH = YES;
				ONLY_ACTIVE_ARCH = YES;
				SDKROOT = iphoneos;
				SWIFT_ACTIVE_COMPILATION_CONDITIONS = DEBUG;
				SWIFT_OPTIMIZATION_LEVEL = "-Onone";
			};
			name = Debug;
		};
		18322D8E23AB1AEC00E94329 /* Release */ = {
			isa = XCBuildConfiguration;
			buildSettings = {
				ALWAYS_SEARCH_USER_PATHS = NO;
				CLANG_ANALYZER_NONNULL = YES;
				CLANG_ANALYZER_NUMBER_OBJECT_CONVERSION = YES_AGGRESSIVE;
				CLANG_CXX_LANGUAGE_STANDARD = "gnu++14";
				CLANG_CXX_LIBRARY = "libc++";
				CLANG_ENABLE_MODULES = YES;
				CLANG_ENABLE_OBJC_ARC = YES;
				CLANG_ENABLE_OBJC_WEAK = YES;
				CLANG_WARN_BLOCK_CAPTURE_AUTORELEASING = YES;
				CLANG_WARN_BOOL_CONVERSION = YES;
				CLANG_WARN_COMMA = YES;
				CLANG_WARN_CONSTANT_CONVERSION = YES;
				CLANG_WARN_DEPRECATED_OBJC_IMPLEMENTATIONS = YES;
				CLANG_WARN_DIRECT_OBJC_ISA_USAGE = YES_ERROR;
				CLANG_WARN_DOCUMENTATION_COMMENTS = YES;
				CLANG_WARN_EMPTY_BODY = YES;
				CLANG_WARN_ENUM_CONVERSION = YES;
				CLANG_WARN_INFINITE_RECURSION = YES;
				CLANG_WARN_INT_CONVERSION = YES;
				CLANG_WARN_NON_LITERAL_NULL_CONVERSION = YES;
				CLANG_WARN_OBJC_IMPLICIT_RETAIN_SELF = YES;
				CLANG_WARN_OBJC_LITERAL_CONVERSION = YES;
				CLANG_WARN_OBJC_ROOT_CLASS = YES_ERROR;
				CLANG_WARN_RANGE_LOOP_ANALYSIS = YES;
				CLANG_WARN_STRICT_PROTOTYPES = YES;
				CLANG_WARN_SUSPICIOUS_MOVE = YES;
				CLANG_WARN_UNGUARDED_AVAILABILITY = YES_AGGRESSIVE;
				CLANG_WARN_UNREACHABLE_CODE = YES;
				CLANG_WARN__DUPLICATE_METHOD_MATCH = YES;
				COPY_PHASE_STRIP = NO;
				DEBUG_INFORMATION_FORMAT = "dwarf-with-dsym";
				ENABLE_NS_ASSERTIONS = NO;
				ENABLE_STRICT_OBJC_MSGSEND = YES;
				GCC_C_LANGUAGE_STANDARD = gnu11;
				GCC_NO_COMMON_BLOCKS = YES;
				GCC_WARN_64_TO_32_BIT_CONVERSION = YES;
				GCC_WARN_ABOUT_RETURN_TYPE = YES_ERROR;
				GCC_WARN_UNDECLARED_SELECTOR = YES;
				GCC_WARN_UNINITIALIZED_AUTOS = YES_AGGRESSIVE;
				GCC_WARN_UNUSED_FUNCTION = YES;
				GCC_WARN_UNUSED_VARIABLE = YES;
				IPHONEOS_DEPLOYMENT_TARGET = 13.2;
				MTL_ENABLE_DEBUG_INFO = NO;
				MTL_FAST_MATH = YES;
				SDKROOT = iphoneos;
				SWIFT_COMPILATION_MODE = wholemodule;
				SWIFT_OPTIMIZATION_LEVEL = "-O";
				VALIDATE_PRODUCT = YES;
			};
			name = Release;
		};
		18322D9023AB1AEC00E94329 /* Debug */ = {
			isa = XCBuildConfiguration;
			buildSettings = {
				ASSETCATALOG_COMPILER_APPICON_NAME = AppIcon;
				CODE_SIGN_STYLE = Automatic;
				INFOPLIST_FILE = SpacePhoto/Info.plist;
				LD_RUNPATH_SEARCH_PATHS = (
					"$(inherited)",
					"@executable_path/Frameworks",
				);
				PRODUCT_BUNDLE_IDENTIFIER = com.example.SpacePhoto;
				PRODUCT_NAME = "$(TARGET_NAME)";
				SWIFT_VERSION = 5.0;
				TARGETED_DEVICE_FAMILY = "1,2";
			};
			name = Debug;
		};
		18322D9123AB1AEC00E94329 /* Release */ = {
			isa = XCBuildConfiguration;
			buildSettings = {
				ASSETCATALOG_COMPILER_APPICON_NAME = AppIcon;
				CODE_SIGN_STYLE = Automatic;
				INFOPLIST_FILE = SpacePhoto/Info.plist;
				LD_RUNPATH_SEARCH_PATHS = (
					"$(inherited)",
					"@executable_path/Frameworks",
				);
				PRODUCT_BUNDLE_IDENTIFIER = com.example.SpacePhoto;
				PRODUCT_NAME = "$(TARGET_NAME)";
				SWIFT_VERSION = 5.0;
				TARGETED_DEVICE_FAMILY = "1,2";
			};
			name = Release;
		};
/* End XCBuildConfiguration section */

/* Begin XCConfigurationList section */
		18322D7623AB1AEC00E94329 /* Build configuration list for PBXProject "SpacePhoto" */ = {
			isa = XCConfigurationList;
			buildConfigurations = (
				18322D8D23AB1AEC00E94329 /* Debug */,
				18322D8E23AB1AEC00E94329 /* Release */,
			);
			defaultConfigurationIsVisible = 0;
			defaultConfigurationName = Release;
		};
		18322D8F23AB1AEC00E94329 /* Build configuration list for PBXNativeTarget "SpacePhoto" */ = {
			isa = XCConfigurationList;
			buildConfigurations = (
				18322D9023AB1AEC00E94329 /* Debug */,
				18322D9123AB1AEC00E94329 /* Release */,
			);
			defaultConfigurationIsVisible = 0;
			defaultConfigurationName = Release;
		};
/* End XCConfigurationList section */
	};
	rootObject = 18322D7323AB1AEC00E94329 /* Project object */;
}
